Microsoft Visual Studio Solution File, Format Version 12.00
# Visual Studio Version 17
VisualStudioVersion = 17.0.31903.59
MinimumVisualStudioVersion = 10.0.40219.1
Project("{FAE04EC0-301F-11D3-BF4B-00C04F79EFBC}") = "QuotaLens", "QuotaLens.csproj", "{C5907E30-CC7C-46FD-AAD9-A6EB1F2C32B2}"
EndProject
Project("{FAE04EC0-301F-11D3-BF4B-00C04F79EFBC}") = "QuotaLens.Tests", "tests\QuotaLens.Tests\QuotaLens.Tests.csproj", "{BFA992A6-E180-4149-955F-430811878E16}"
EndProject
Global
	GlobalSection(SolutionConfigurationPlatforms) = preSolution
		Debug|Any CPU = Debug|Any CPU
		Release|Any CPU = Release|Any CPU
	EndGlobalSection
	GlobalSection(ProjectConfigurationPlatforms) = postSolution
		{C5907E30-CC7C-46FD-AAD9-A6EB1F2C32B2}.Debug|Any CPU.ActiveCfg = Debug|Any CPU
		{C5907E30-CC7C-46FD-AAD9-A6EB1F2C32B2}.Debug|Any CPU.Build.0 = Debug|Any CPU
		{C5907E30-CC7C-46FD-AAD9-A6EB1F2C32B2}.Release|Any CPU.ActiveCfg = Release|Any CPU
		{C5907E30-CC7C-46FD-AAD9-A6EB1F2C32B2}.Release|Any CPU.Build.0 = Release|Any CPU
		{BFA992A6-E180-4149-955F-430811878E16}.Debug|Any CPU.ActiveCfg = Debug|Any CPU
		{BFA992A6-E180-4149-955F-430811878E16}.Debug|Any CPU.Build.0 = Debug|Any CPU
		{BFA992A6-E180-4149-955F-430811878E16}.Release|Any CPU.ActiveCfg = Release|Any CPU
		{BFA992A6-E180-4149-955F-430811878E16}.Release|Any CPU.Build.0 = Release|Any CPU
	EndGlobalSection
EndGlobal
